
Microsoft Visual Studio Solution File, Format Version 12.00
# Visual Studio Version 17
VisualStudioVersion = 17.6.33829.357
MinimumVisualStudioVersion = 10.0.40219.1
Project("{FAE04EC0-301F-11D3-BF4B-00C04F79EFBC}") = "RockPaperScissors", "RockPaperScissors\RockPaperScissors.csproj", "{66ADD43B-B37E-4C7E-9E2D-3D358F1F8143}"
EndProject
Project("{FAE04EC0-301F-11D3-BF4B-00C04F79EFBC}") = "RockPaperScissorsTests", "RockPaperScissorsTests\RockPaperScissorsTests.csproj", "{A5078733-1731-483C-BE20-C6C67FD578D1}"
EndProject
Global
	GlobalSection(SolutionConfigurationPlatforms) = preSolution
		Debug|Any CPU = Debug|Any CPU
		Release|Any CPU = Release|Any CPU
	EndGlobalSection
	GlobalSection(ProjectConfigurationPlatforms) = postSolution
		{66ADD43B-B37E-4C7E-9E2D-3D358F1F8143}.Debug|Any CPU.ActiveCfg = Debug|Any CPU
		{66ADD43B-B37E-4C7E-9E2D-3D358F1F8143}.Debug|Any CPU.Build.0 = Debug|Any CPU
		{66ADD43B-B37E-4C7E-9E2D-3D358F1F8143}.Release|Any CPU.ActiveCfg = Release|Any CPU
		{66ADD43B-B37E-4C7E-9E2D-3D358F1F8143}.Release|Any CPU.Build.0 = Release|Any CPU
		{A5078733-1731-483C-BE20-C6C67FD578D1}.Debug|Any CPU.ActiveCfg = Debug|Any CPU
		{A5078733-1731-483C-BE20-C6C67FD578D1}.Debug|Any CPU.Build.0 = Debug|Any CPU
		{A5078733-1731-483C-BE20-C6C67FD578D1}.Release|Any CPU.ActiveCfg = Release|Any CPU
		{A5078733-1731-483C-BE20-C6C67FD578D1}.Release|Any CPU.Build.0 = Release|Any CPU
	EndGlobalSection
	GlobalSection(SolutionProperties) = preSolution
		HideSolutionNode = FALSE
	EndGlobalSection
	GlobalSection(ExtensibilityGlobals) = postSolution
		SolutionGuid = {008B4365-EBF0-4304-8691-F444073AF5B1}
	EndGlobalSection
EndGlobal
